
Microsoft Visual Studio Solution File, Format Version 12.00
# Visual Studio Version 16
VisualStudioVersion = 16.0.32901.82
MinimumVisualStudioVersion = 10.0.40219.1
Project("{8BC9CEB8-8B4A-11D0-8D11-00A0C91BC942}") = "メインプロジェクト", "メインプロジェクト\メインプロジェクト.vcxproj", "{1A393BD4-779F-4719-AE8E-5CCCA7DAB744}"
EndProject
Project("{8BC9CEB8-8B4A-11D0-8D11-00A0C91BC942}") = "Test-list", "Test-list\Test-list.vcxproj", "{07C450F3-DA6D-49C0-8E7B-559815934E8A}"
EndProject
Project("{8BC9CEB8-8B4A-11D0-8D11-00A0C91BC942}") = "Test-listManualTest", "Test-listManualTest\Test-listManualTest.vcxproj", "{4371D8C4-F0A8-4189-B3CD-A741F7372071}"
EndProject
Project("{8BC9CEB8-8B4A-11D0-8D11-00A0C91BC942}") = "Test-hashTable", "Test-hashTable\Test-hashTable.vcxproj", "{D4370A83-F019-4327-B8E1-3698317BC077}"
EndProject
Global
	GlobalSection(SolutionConfigurationPlatforms) = preSolution
		Debug|x64 = Debug|x64
		Debug|x86 = Debug|x86
		Release|x64 = Release|x64
		Release|x86 = Release|x86
	EndGlobalSection
	GlobalSection(ProjectConfigurationPlatforms) = postSolution
		{1A393BD4-779F-4719-AE8E-5CCCA7DAB744}.Debug|x64.ActiveCfg = Debug|x64
		{1A393BD4-779F-4719-AE8E-5CCCA7DAB744}.Debug|x64.Build.0 = Debug|x64
		{1A393BD4-779F-4719-AE8E-5CCCA7DAB744}.Debug|x86.ActiveCfg = Debug|Win32
		{1A393BD4-779F-4719-AE8E-5CCCA7DAB744}.Debug|x86.Build.0 = Debug|Win32
		{1A393BD4-779F-4719-AE8E-5CCCA7DAB744}.Release|x64.ActiveCfg = Release|x64
		{1A393BD4-779F-4719-AE8E-5CCCA7DAB744}.Release|x64.Build.0 = Release|x64
		{1A393BD4-779F-4719-AE8E-5CCCA7DAB744}.Release|x86.ActiveCfg = Release|Win32
		{1A393BD4-779F-4719-AE8E-5CCCA7DAB744}.Release|x86.Build.0 = Release|Win32
		{07C450F3-DA6D-49C0-8E7B-559815934E8A}.Debug|x64.ActiveCfg = Debug|x64
		{07C450F3-DA6D-49C0-8E7B-559815934E8A}.Debug|x64.Build.0 = Debug|x64
		{07C450F3-DA6D-49C0-8E7B-559815934E8A}.Debug|x86.ActiveCfg = Debug|Win32
		{07C450F3-DA6D-49C0-8E7B-559815934E8A}.Debug|x86.Build.0 = Debug|Win32
		{07C450F3-DA6D-49C0-8E7B-559815934E8A}.Release|x64.ActiveCfg = Release|x64
		{07C450F3-DA6D-49C0-8E7B-559815934E8A}.Release|x64.Build.0 = Release|x64
		{07C450F3-DA6D-49C0-8E7B-559815934E8A}.Release|x86.ActiveCfg = Release|Win32
		{07C450F3-DA6D-49C0-8E7B-559815934E8A}.Release|x86.Build.0 = Release|Win32
		{4371D8C4-F0A8-4189-B3CD-A741F7372071}.Debug|x64.ActiveCfg = Debug|x64
		{4371D8C4-F0A8-4189-B3CD-A741F7372071}.Debug|x64.Build.0 = Debug|x64
		{4371D8C4-F0A8-4189-B3CD-A741F7372071}.Debug|x86.ActiveCfg = Debug|Win32
		{4371D8C4-F0A8-4189-B3CD-A741F7372071}.Debug|x86.Build.0 = Debug|Win32
		{4371D8C4-F0A8-4189-B3CD-A741F7372071}.Release|x64.ActiveCfg = Release|x64
		{4371D8C4-F0A8-4189-B3CD-A741F7372071}.Release|x64.Build.0 = Release|x64
		{4371D8C4-F0A8-4189-B3CD-A741F7372071}.Release|x86.ActiveCfg = Release|Win32
		{4371D8C4-F0A8-4189-B3CD-A741F7372071}.Release|x86.Build.0 = Release|Win32
		{D4370A83-F019-4327-B8E1-3698317BC077}.Debug|x64.ActiveCfg = Debug|x64
		{D4370A83-F019-4327-B8E1-3698317BC077}.Debug|x64.Build.0 = Debug|x64
		{D4370A83-F019-4327-B8E1-3698317BC077}.Debug|x86.ActiveCfg = Debug|Win32
		{D4370A83-F019-4327-B8E1-3698317BC077}.Debug|x86.Build.0 = Debug|Win32
		{D4370A83-F019-4327-B8E1-3698317BC077}.Release|x64.ActiveCfg = Release|x64
		{D4370A83-F019-4327-B8E1-3698317BC077}.Release|x64.Build.0 = Release|x64
		{D4370A83-F019-4327-B8E1-3698317BC077}.Release|x86.ActiveCfg = Release|Win32
		{D4370A83-F019-4327-B8E1-3698317BC077}.Release|x86.Build.0 = Release|Win32
	EndGlobalSection
	GlobalSection(SolutionProperties) = preSolution
		HideSolutionNode = FALSE
	EndGlobalSection
	GlobalSection(ExtensibilityGlobals) = postSolution
		SolutionGuid = {2336AEDA-4D5D-4CE6-88CE-215A0FE044DD}
	EndGlobalSection
EndGlobal
